
Microsoft Visual Studio Solution File, Format Version 12.00
# Visual Studio Version 17
VisualStudioVersion = 17.14.36804.6
MinimumVisualStudioVersion = 10.0.40219.1
Project("{FAE04EC0-301F-11D3-BF4B-00C04F79EFBC}") = "thuydung484", "thuydung484.csproj", "{9B51ED96-5D2A-4915-B476-1DFC06C49E7E}"
EndProject
Global
	GlobalSection(SolutionConfigurationPlatforms) = preSolution
		Debug|Any CPU = Debug|Any CPU
		Release|Any CPU = Release|Any CPU
	EndGlobalSection
	GlobalSection(ProjectConfigurationPlatforms) = postSolution
		{9B51ED96-5D2A-4915-B476-1DFC06C49E7E}.Debug|Any CPU.ActiveCfg = Debug|Any CPU
		{9B51ED96-5D2A-4915-B476-1DFC06C49E7E}.Debug|Any CPU.Build.0 = Debug|Any CPU
		{9B51ED96-5D2A-4915-B476-1DFC06C49E7E}.Release|Any CPU.ActiveCfg = Release|Any CPU
		{9B51ED96-5D2A-4915-B476-1DFC06C49E7E}.Release|Any CPU.Build.0 = Release|Any CPU
	EndGlobalSection
	GlobalSection(SolutionProperties) = preSolution
		HideSolutionNode = FALSE
	EndGlobalSection
	GlobalSection(ExtensibilityGlobals) = postSolution
		SolutionGuid = {F482BACA-8A48-4619-AFC3-F90336569D7D}
	EndGlobalSection
EndGlobal
